
Microsoft Visual Studio Solution File, Format Version 11.0
# Visual Studio 2010
Project("{FAE04EC0-301F-11D3-BF4B-00C04F79EFBC}") = "DancingLine.CSharp.Plugins", "DancingLine.CSharp.Plugins.csproj", "{B98F8454-BF10-0E5A-116D-85CAD318D289}"
EndProject
Project("{FAE04EC0-301F-11D3-BF4B-00C04F79EFBC}") = "DancingLine.CSharp", "DancingLine.CSharp.csproj", "{FE231D68-7A9A-34FB-7D2A-D124A41319F8}"
EndProject
Project("{FAE04EC0-301F-11D3-BF4B-00C04F79EFBC}") = "DancingLine.CSharp.Editor", "DancingLine.CSharp.Editor.csproj", "{69680781-1810-0F64-91A2-E41FB9969F2B}"
EndProject
Global
	GlobalSection(SolutionConfigurationPlatforms) = preSolution
		Debug|Any CPU = Debug|Any CPU
		Release|Any CPU = Release|Any CPU
	EndGlobalSection
	GlobalSection(ProjectConfigurationPlatforms) = postSolution
		{B98F8454-BF10-0E5A-116D-85CAD318D289}.Debug|Any CPU.ActiveCfg = Debug|Any CPU
		{B98F8454-BF10-0E5A-116D-85CAD318D289}.Debug|Any CPU.Build.0 = Debug|Any CPU
		{B98F8454-BF10-0E5A-116D-85CAD318D289}.Release|Any CPU.ActiveCfg = Release|Any CPU
		{B98F8454-BF10-0E5A-116D-85CAD318D289}.Release|Any CPU.Build.0 = Release|Any CPU
		{FE231D68-7A9A-34FB-7D2A-D124A41319F8}.Debug|Any CPU.ActiveCfg = Debug|Any CPU
		{FE231D68-7A9A-34FB-7D2A-D124A41319F8}.Debug|Any CPU.Build.0 = Debug|Any CPU
		{FE231D68-7A9A-34FB-7D2A-D124A41319F8}.Release|Any CPU.ActiveCfg = Release|Any CPU
		{FE231D68-7A9A-34FB-7D2A-D124A41319F8}.Release|Any CPU.Build.0 = Release|Any CPU
		{69680781-1810-0F64-91A2-E41FB9969F2B}.Debug|Any CPU.ActiveCfg = Debug|Any CPU
		{69680781-1810-0F64-91A2-E41FB9969F2B}.Debug|Any CPU.Build.0 = Debug|Any CPU
		{69680781-1810-0F64-91A2-E41FB9969F2B}.Release|Any CPU.ActiveCfg = Release|Any CPU
		{69680781-1810-0F64-91A2-E41FB9969F2B}.Release|Any CPU.Build.0 = Release|Any CPU
	EndGlobalSection
	GlobalSection(SolutionProperties) = preSolution
		HideSolutionNode = FALSE
	EndGlobalSection
EndGlobal
